
Microsoft Visual Studio Solution File, Format Version 12.00
# Visual Studio Version 16
VisualStudioVersion = 16.0.30907.101
MinimumVisualStudioVersion = 10.0.40219.1
Project("{FAE04EC0-301F-11D3-BF4B-00C04F79EFBC}") = "MobileProjectSamsung", "MobileProjectSamsung\MobileProjectSamsung.csproj", "{03A9E112-EA1C-4C81-8DC8-C82E7EC8A70D}"
EndProject
Global
	GlobalSection(SolutionConfigurationPlatforms) = preSolution
		Debug|Any CPU = Debug|Any CPU
		Release|Any CPU = Release|Any CPU
	EndGlobalSection
	GlobalSection(ProjectConfigurationPlatforms) = postSolution
		{03A9E112-EA1C-4C81-8DC8-C82E7EC8A70D}.Debug|Any CPU.ActiveCfg = Debug|Any CPU
		{03A9E112-EA1C-4C81-8DC8-C82E7EC8A70D}.Debug|Any CPU.Build.0 = Debug|Any CPU
		{03A9E112-EA1C-4C81-8DC8-C82E7EC8A70D}.Release|Any CPU.ActiveCfg = Release|Any CPU
		{03A9E112-EA1C-4C81-8DC8-C82E7EC8A70D}.Release|Any CPU.Build.0 = Release|Any CPU
	EndGlobalSection
	GlobalSection(SolutionProperties) = preSolution
		HideSolutionNode = FALSE
	EndGlobalSection
	GlobalSection(ExtensibilityGlobals) = postSolution
		SolutionGuid = {77939B48-EF4B-4D58-94A3-D806F4AFC303}
	EndGlobalSection
EndGlobal
